
Microsoft Visual Studio Solution File, Format Version 12.00
Project("{FAE04EC0-301F-11D3-BF4B-00C04F79EFBC}") = "Qubit Project", "Qubit Project\Qubit Project.csproj", "{9BC43CE8-B09A-4758-AE54-D5949119989C}"
EndProject
Global
	GlobalSection(SolutionConfigurationPlatforms) = preSolution
		Debug|Any CPU = Debug|Any CPU
		Release|Any CPU = Release|Any CPU
	EndGlobalSection
	GlobalSection(ProjectConfigurationPlatforms) = postSolution
		{9BC43CE8-B09A-4758-AE54-D5949119989C}.Debug|Any CPU.ActiveCfg = Debug|Any CPU
		{9BC43CE8-B09A-4758-AE54-D5949119989C}.Debug|Any CPU.Build.0 = Debug|Any CPU
		{9BC43CE8-B09A-4758-AE54-D5949119989C}.Release|Any CPU.ActiveCfg = Release|Any CPU
		{9BC43CE8-B09A-4758-AE54-D5949119989C}.Release|Any CPU.Build.0 = Release|Any CPU
	EndGlobalSection
EndGlobal
